// !$*UTF8*$!
{
	archiveVersion = 1;
	classes = {
	};
	objectVersion = 46;
	objects = {

/* Begin PBXBuildFile section */
		AB66DA051D8A7B4D00F26F10 /* NSDate+DateOpration.m in Sources */ = {isa = PBXBuildFile; fileRef = AB66D9F81D8A7B4D00F26F10 /* NSDate+DateOpration.m */; };
		AB66DA061D8A7B4D00F26F10 /* NSDictionary+dictionaryOpration.m in Sources */ = {isa = PBXBuildFile; fileRef = AB66D9FA1D8A7B4D00F26F10 /* NSDictionary+dictionaryOpration.m */; };
		AB66DA071D8A7B4D00F26F10 /* NSString+stringOperation.m in Sources */ = {isa = PBXBuildFile; fileRef = AB66D9FC1D8A7B4D00F26F10 /* NSString+stringOperation.m */; };
		AB66DA081D8A7B4D00F26F10 /* UIActivityIndicatorView+ActivityView.m in Sources */ = {isa = PBXBuildFile; fileRef = AB66D9FE1D8A7B4D00F26F10 /* UIActivityIndicatorView+ActivityView.m */; };
		AB66DA091D8A7B4D00F26F10 /* UIAlertController+DefaultAlert.m in Sources */ = {isa = PBXBuildFile; fileRef = AB66DA001D8A7B4D00F26F10 /* UIAlertController+DefaultAlert.m */; };
		AB66DA0A1D8A7B4D00F26F10 /* UIColor+ProjectColor.m in Sources */ = {isa = PBXBuildFile; fileRef = AB66DA021D8A7B4D00F26F10 /* UIColor+ProjectColor.m */; };
		AB66DA0B1D8A7B4D00F26F10 /* UITextField+textFieldOpration.m in Sources */ = {isa = PBXBuildFile; fileRef = AB66DA041D8A7B4D00F26F10 /* UITextField+textFieldOpration.m */; };
/* End PBXBuildFile section */

/* Begin PBXCopyFilesBuildPhase section */
		AB66D9E81D8A7AF900F26F10 /* CopyFiles */ = {
			isa = PBXCopyFilesBuildPhase;
			buildActionMask = 2147483647;
			dstPath = "include/$(PRODUCT_NAME)";
			dstSubfolderSpec = 16;
			files = (
			);
			runOnlyForDeploymentPostprocessing = 0;
		};
/* End PBXCopyFilesBuildPhase section */

/* Begin PBXFileReference section */
		AB66D9EA1D8A7AF900F26F10 /* libHVHelperClass.a */ = {isa = PBXFileReference; explicitFileType = archive.ar; includeInIndex = 0; path = libHVHelperClass.a; sourceTree = BUILT_PRODUCTS_DIR; };
		AB66D9F61D8A7B4D00F26F10 /* HVHelperClass.h */ = {isa = PBXFileReference; fileEncoding = 4; lastKnownFileType = sourcecode.c.h; path = HVHelperClass.h; sourceTree = "<group>"; };
		AB66D9F71D8A7B4D00F26F10 /* NSDate+DateOpration.h */ = {isa = PBXFileReference; fileEncoding = 4; lastKnownFileType = sourcecode.c.h; path = "NSDate+DateOpration.h"; sourceTree = "<group>"; };
		AB66D9F81D8A7B4D00F26F10 /* NSDate+DateOpration.m */ = {isa = PBXFileReference; fileEncoding = 4; lastKnownFileType = sourcecode.c.objc; path = "NSDate+DateOpration.m"; sourceTree = "<group>"; };
		AB66D9F91D8A7B4D00F26F10 /* NSDictionary+dictionaryOpration.h */ = {isa = PBXFileReference; fileEncoding = 4; lastKnownFileType = sourcecode.c.h; path = "NSDictionary+dictionaryOpration.h"; sourceTree = "<group>"; };
		AB66D9FA1D8A7B4D00F26F10 /* NSDictionary+dictionaryOpration.m */ = {isa = PBXFileReference; fileEncoding = 4; lastKnownFileType = sourcecode.c.objc; path = "NSDictionary+dictionaryOpration.m"; sourceTree = "<group>"; };
		AB66D9FB1D8A7B4D00F26F10 /* NSString+stringOperation.h */ = {isa = PBXFileReference; fileEncoding = 4; lastKnownFileType = sourcecode.c.h; path = "NSString+stringOperation.h"; sourceTree = "<group>"; };
		AB66D9FC1D8A7B4D00F26F10 /* NSString+stringOperation.m */ = {isa = PBXFileReference; fileEncoding = 4; lastKnownFileType = sourcecode.c.objc; path = "NSString+stringOperation.m"; sourceTree = "<group>"; };
		AB66D9FD1D8A7B4D00F26F10 /* UIActivityIndicatorView+ActivityView.h */ = {isa = PBXFileReference; fileEncoding = 4; lastKnownFileType = sourcecode.c.h; path = "UIActivityIndicatorView+ActivityView.h"; sourceTree = "<group>"; };
		AB66D9FE1D8A7B4D00F26F10 /* UIActivityIndicatorView+ActivityView.m */ = {isa = PBXFileReference; fileEncoding = 4; lastKnownFileType = sourcecode.c.objc; path = "UIActivityIndicatorView+ActivityView.m"; sourceTree = "<group>"; };
		AB66D9FF1D8A7B4D00F26F10 /* UIAlertController+DefaultAlert.h */ = {isa = PBXFileReference; fileEncoding = 4; lastKnownFileType = sourcecode.c.h; path = "UIAlertController+DefaultAlert.h"; sourceTree = "<group>"; };
		AB66DA001D8A7B4D00F26F10 /* UIAlertController+DefaultAlert.m */ = {isa = PBXFileReference; fileEncoding = 4; lastKnownFileType = sourcecode.c.objc; path = "UIAlertController+DefaultAlert.m"; sourceTree = "<group>"; };
		AB66DA011D8A7B4D00F26F10 /* UIColor+ProjectColor.h */ = {isa = PBXFileReference; fileEncoding = 4; lastKnownFileType = sourcecode.c.h; path = "UIColor+ProjectColor.h"; sourceTree = "<group>"; };
		AB66DA021D8A7B4D00F26F10 /* UIColor+ProjectColor.m */ = {isa = PBXFileReference; fileEncoding = 4; lastKnownFileType = sourcecode.c.objc; path = "UIColor+ProjectColor.m"; sourceTree = "<group>"; };
		AB66DA031D8A7B4D00F26F10 /* UITextField+textFieldOpration.h */ = {isa = PBXFileReference; fileEncoding = 4; lastKnownFileType = sourcecode.c.h; path = "UITextField+textFieldOpration.h"; sourceTree = "<group>"; };
		AB66DA041D8A7B4D00F26F10 /* UITextField+textFieldOpration.m */ = {isa = PBXFileReference; fileEncoding = 4; lastKnownFileType = sourcecode.c.objc; path = "UITextField+textFieldOpration.m"; sourceTree = "<group>"; };
		ABFDF5DC1D8AD68C00A46C08 /* HVHelperClass.podspec */ = {isa = PBXFileReference; fileEncoding = 4; lastKnownFileType = text; path = HVHelperClass.podspec; sourceTree = "<group>"; };
		ABFDF5DD1D8AD68C00A46C08 /* README.md */ = {isa = PBXFileReference; fileEncoding = 4; lastKnownFileType = net.daringfireball.markdown; path = README.md; sourceTree = "<group>"; };
		ABFDF5DF1D8AD78E00A46C08 /* CHANGELOG.md */ = {isa = PBXFileReference; fileEncoding = 4; lastKnownFileType = net.daringfireball.markdown; path = CHANGELOG.md; sourceTree = "<group>"; };
/* End PBXFileReference section */

/* Begin PBXFrameworksBuildPhase section */
		AB66D9E71D8A7AF900F26F10 /* Frameworks */ = {
			isa = PBXFrameworksBuildPhase;
			buildActionMask = 2147483647;
			files = (
			);
			runOnlyForDeploymentPostprocessing = 0;
		};
/* End PBXFrameworksBuildPhase section */

/* Begin PBXGroup section */
		AB66D9E11D8A7AF900F26F10 = {
			isa = PBXGroup;
			children = (
				ABFDF5DF1D8AD78E00A46C08 /* CHANGELOG.md */,
				ABFDF5DC1D8AD68C00A46C08 /* HVHelperClass.podspec */,
				ABFDF5DD1D8AD68C00A46C08 /* README.md */,
				AB66D9EC1D8A7AF900F26F10 /* HVHelperClass */,
				AB66D9EB1D8A7AF900F26F10 /* Products */,
			);
			sourceTree = "<group>";
		};
		AB66D9EB1D8A7AF900F26F10 /* Products */ = {
			isa = PBXGroup;
			children = (
				AB66D9EA1D8A7AF900F26F10 /* libHVHelperClass.a */,
			);
			name = Products;
			sourceTree = "<group>";
		};
		AB66D9EC1D8A7AF900F26F10 /* HVHelperClass */ = {
			isa = PBXGroup;
			children = (
				AB66D9F61D8A7B4D00F26F10 /* HVHelperClass.h */,
				AB66D9F71D8A7B4D00F26F10 /* NSDate+DateOpration.h */,
				AB66D9F81D8A7B4D00F26F10 /* NSDate+DateOpration.m */,
				AB66D9F91D8A7B4D00F26F10 /* NSDictionary+dictionaryOpration.h */,
				AB66D9FA1D8A7B4D00F26F10 /* NSDictionary+dictionaryOpration.m */,
				AB66D9FB1D8A7B4D00F26F10 /* NSString+stringOperation.h */,
				AB66D9FC1D8A7B4D00F26F10 /* NSString+stringOperation.m */,
				AB66D9FD1D8A7B4D00F26F10 /* UIActivityIndicatorView+ActivityView.h */,
				AB66D9FE1D8A7B4D00F26F10 /* UIActivityIndicatorView+ActivityView.m */,
				AB66D9FF1D8A7B4D00F26F10 /* UIAlertController+DefaultAlert.h */,
				AB66DA001D8A7B4D00F26F10 /* UIAlertController+DefaultAlert.m */,
				AB66DA011D8A7B4D00F26F10 /* UIColor+ProjectColor.h */,
				AB66DA021D8A7B4D00F26F10 /* UIColor+ProjectColor.m */,
				AB66DA031D8A7B4D00F26F10 /* UITextField+textFieldOpration.h */,
				AB66DA041D8A7B4D00F26F10 /* UITextField+textFieldOpration.m */,
			);
			path = HVHelperClass;
			sourceTree = "<group>";
		};
/* End PBXGroup section */

/* Begin PBXNativeTarget section */
		AB66D9E91D8A7AF900F26F10 /* HVHelperClass */ = {
			isa = PBXNativeTarget;
			buildConfigurationList = AB66D9F31D8A7AF900F26F10 /* Build configuration list for PBXNativeTarget "HVHelperClass" */;
			buildPhases = (
				AB66D9E61D8A7AF900F26F10 /* Sources */,
				AB66D9E71D8A7AF900F26F10 /* Frameworks */,
				AB66D9E81D8A7AF900F26F10 /* CopyFiles */,
			);
			buildRules = (
			);
			dependencies = (
			);
			name = HVHelperClass;
			productName = HVHelperClass;
			productReference = AB66D9EA1D8A7AF900F26F10 /* libHVHelperClass.a */;
			productType = "com.apple.product-type.library.static";
		};
/* End PBXNativeTarget section */

/* Begin PBXProject section */
		AB66D9E21D8A7AF900F26F10 /* Project object */ = {
			isa = PBXProject;
			attributes = {
				LastUpgradeCheck = 0720;
				ORGANIZATIONNAME = eheuristic;
				TargetAttributes = {
					AB66D9E91D8A7AF900F26F10 = {
						CreatedOnToolsVersion = 7.2;
					};
				};
			};
			buildConfigurationList = AB66D9E51D8A7AF900F26F10 /* Build configuration list for PBXProject "HVHelperClass" */;
			compatibilityVersion = "Xcode 3.2";
			developmentRegion = English;
			hasScannedForEncodings = 0;
			knownRegions = (
				en,
			);
			mainGroup = AB66D9E11D8A7AF900F26F10;
			productRefGroup = AB66D9EB1D8A7AF900F26F10 /* Products */;
			projectDirPath = "";
			projectRoot = "";
			targets = (
				AB66D9E91D8A7AF900F26F10 /* HVHelperClass */,
			);
		};
/* End PBXProject section */

/* Begin PBXSourcesBuildPhase section */
		AB66D9E61D8A7AF900F26F10 /* Sources */ = {
			isa = PBXSourcesBuildPhase;
			buildActionMask = 2147483647;
			files = (
				AB66DA0B1D8A7B4D00F26F10 /* UITextField+textFieldOpration.m in Sources */,
				AB66DA071D8A7B4D00F26F10 /* NSString+stringOperation.m in Sources */,
				AB66DA0A1D8A7B4D00F26F10 /* UIColor+ProjectColor.m in Sources */,
				AB66DA091D8A7B4D00F26F10 /* UIAlertController+DefaultAlert.m in Sources */,
				AB66DA061D8A7B4D00F26F10 /* NSDictionary+dictionaryOpration.m in Sources */,
				AB66DA051D8A7B4D00F26F10 /* NSDate+DateOpration.m in Sources */,
				AB66DA081D8A7B4D00F26F10 /* UIActivityIndicatorView+ActivityView.m in Sources */,
			);
			runOnlyForDeploymentPostprocessing = 0;
		};
/* End PBXSourcesBuildPhase section */

/* Begin XCBuildConfiguration section */
		AB66D9F11D8A7AF900F26F10 /* Debug */ = {
			isa = XCBuildConfiguration;
			buildSettings = {
				ALWAYS_SEARCH_USER_PATHS = NO;
				CLANG_CXX_LANGUAGE_STANDARD = "gnu++0x";
				CLANG_CXX_LIBRARY = "libc++";
				CLANG_ENABLE_MODULES = YES;
				CLANG_ENABLE_OBJC_ARC = YES;
				CLANG_WARN_BOOL_CONVERSION = YES;
				CLANG_WARN_CONSTANT_CONVERSION = YES;
				CLANG_WARN_DIRECT_OBJC_ISA_USAGE = YES_ERROR;
				CLANG_WARN_EMPTY_BODY = YES;
				CLANG_WARN_ENUM_CONVERSION = YES;
				CLANG_WARN_INT_CONVERSION = YES;
				CLANG_WARN_OBJC_ROOT_CLASS = YES_ERROR;
				CLANG_WARN_UNREACHABLE_CODE = YES;
				CLANG_WARN__DUPLICATE_METHOD_MATCH = YES;
				"CODE_SIGN_IDENTITY[sdk=iphoneos*]" = "iPhone Developer";
				COPY_PHASE_STRIP = NO;
				DEBUG_INFORMATION_FORMAT = dwarf;
				ENABLE_STRICT_OBJC_MSGSEND = YES;
				ENABLE_TESTABILITY = YES;
				GCC_C_LANGUAGE_STANDARD = gnu99;
				GCC_DYNAMIC_NO_PIC = NO;
				GCC_NO_COMMON_BLOCKS = YES;
				GCC_OPTIMIZATION_LEVEL = 0;
				GCC_PREPROCESSOR_DEFINITIONS = (
					"DEBUG=1",
					"$(inherited)",
				);
				GCC_WARN_64_TO_32_BIT_CONVERSION = YES;
				GCC_WARN_ABOUT_RETURN_TYPE = YES_ERROR;
				GCC_WARN_UNDECLARED_SELECTOR = YES;
				GCC_WARN_UNINITIALIZED_AUTOS = YES_AGGRESSIVE;
				GCC_WARN_UNUSED_FUNCTION = YES;
				GCC_WARN_UNUSED_VARIABLE = YES;
				IPHONEOS_DEPLOYMENT_TARGET = 9.2;
				MTL_ENABLE_DEBUG_INFO = YES;
				ONLY_ACTIVE_ARCH = YES;
				SDKROOT = iphoneos;
			};
			name = Debug;
		};
		AB66D9F21D8A7AF900F26F10 /* Release */ = {
			isa = XCBuildConfiguration;
			buildSettings = {
				ALWAYS_SEARCH_USER_PATHS = NO;
				CLANG_CXX_LANGUAGE_STANDARD = "gnu++0x";
				CLANG_CXX_LIBRARY = "libc++";
				CLANG_ENABLE_MODULES = YES;
				CLANG_ENABLE_OBJC_ARC = YES;
				CLANG_WARN_BOOL_CONVERSION = YES;
				CLANG_WARN_CONSTANT_CONVERSION = YES;
				CLANG_WARN_DIRECT_OBJC_ISA_USAGE = YES_ERROR;
				CLANG_WARN_EMPTY_BODY = YES;
				CLANG_WARN_ENUM_CONVERSION = YES;
				CLANG_WARN_INT_CONVERSION = YES;
				CLANG_WARN_OBJC_ROOT_CLASS = YES_ERROR;
				CLANG_WARN_UNREACHABLE_CODE = YES;
				CLANG_WARN__DUPLICATE_METHOD_MATCH = YES;
				"CODE_SIGN_IDENTITY[sdk=iphoneos*]" = "iPhone Developer";
				COPY_PHASE_STRIP = NO;
				DEBUG_INFORMATION_FORMAT = "dwarf-with-dsym";
				ENABLE_NS_ASSERTIONS = NO;
				ENABLE_STRICT_OBJC_MSGSEND = YES;
				GCC_C_LANGUAGE_STANDARD = gnu99;
				GCC_NO_COMMON_BLOCKS = YES;
				GCC_WARN_64_TO_32_BIT_CONVERSION = YES;
				GCC_WARN_ABOUT_RETURN_TYPE = YES_ERROR;
				GCC_WARN_UNDECLARED_SELECTOR = YES;
				GCC_WARN_UNINITIALIZED_AUTOS = YES_AGGRESSIVE;
				GCC_WARN_UNUSED_FUNCTION = YES;
				GCC_WARN_UNUSED_VARIABLE = YES;
				IPHONEOS_DEPLOYMENT_TARGET = 9.2;
				MTL_ENABLE_DEBUG_INFO = NO;
				SDKROOT = iphoneos;
				VALIDATE_PRODUCT = YES;
			};
			name = Release;
		};
		AB66D9F41D8A7AF900F26F10 /* Debug */ = {
			isa = XCBuildConfiguration;
			buildSettings = {
				OTHER_LDFLAGS = "-ObjC";
				PRODUCT_NAME = "$(TARGET_NAME)";
				SKIP_INSTALL = YES;
			};
			name = Debug;
		};
		AB66D9F51D8A7AF900F26F10 /* Release */ = {
			isa = XCBuildConfiguration;
			buildSettings = {
				OTHER_LDFLAGS = "-ObjC";
				PRODUCT_NAME = "$(TARGET_NAME)";
				SKIP_INSTALL = YES;
			};
			name = Release;
		};
/* End XCBuildConfiguration section */

/* Begin XCConfigurationList section */
		AB66D9E51D8A7AF900F26F10 /* Build configuration list for PBXProject "HVHelperClass" */ = {
			isa = XCConfigurationList;
			buildConfigurations = (
				AB66D9F11D8A7AF900F26F10 /* Debug */,
				AB66D9F21D8A7AF900F26F10 /* Release */,
			);
			defaultConfigurationIsVisible = 0;
			defaultConfigurationName = Release;
		};
		AB66D9F31D8A7AF900F26F10 /* Build configuration list for PBXNativeTarget "HVHelperClass" */ = {
			isa = XCConfigurationList;
			buildConfigurations = (
				AB66D9F41D8A7AF900F26F10 /* Debug */,
				AB66D9F51D8A7AF900F26F10 /* Release */,
			);
			defaultConfigurationIsVisible = 0;
			defaultConfigurationName = Release;
		};
/* End XCConfigurationList section */
	};
	rootObject = AB66D9E21D8A7AF900F26F10 /* Project object */;
}
